
Microsoft Visual Studio Solution File, Format Version 12.00
# Visual Studio Version 17
VisualStudioVersion = 17.0.31919.166
MinimumVisualStudioVersion = 10.0.40219.1
Project("{9A19103F-16F7-4668-BE54-9A1E7A4F7556}") = "api", "api\api.csproj", "{6FDF89C6-3A63-400D-876F-60DB9AF25498}"
EndProject
Global
	GlobalSection(SolutionConfigurationPlatforms) = preSolution
		Debug|Any CPU = Debug|Any CPU
		Release|Any CPU = Release|Any CPU
		Release1|Any CPU = Release1|Any CPU
	EndGlobalSection
	GlobalSection(ProjectConfigurationPlatforms) = postSolution
		{6FDF89C6-3A63-400D-876F-60DB9AF25498}.Debug|Any CPU.ActiveCfg = Debug|Any CPU
		{6FDF89C6-3A63-400D-876F-60DB9AF25498}.Debug|Any CPU.Build.0 = Debug|Any CPU
		{6FDF89C6-3A63-400D-876F-60DB9AF25498}.Release|Any CPU.ActiveCfg = Release|Any CPU
		{6FDF89C6-3A63-400D-876F-60DB9AF25498}.Release|Any CPU.Build.0 = Release|Any CPU
		{6FDF89C6-3A63-400D-876F-60DB9AF25498}.Release1|Any CPU.ActiveCfg = Release1|Any CPU
		{6FDF89C6-3A63-400D-876F-60DB9AF25498}.Release1|Any CPU.Build.0 = Release1|Any CPU
	EndGlobalSection
	GlobalSection(SolutionProperties) = preSolution
		HideSolutionNode = FALSE
	EndGlobalSection
	GlobalSection(ExtensibilityGlobals) = postSolution
		SolutionGuid = {DF4E4D2F-D680-4BAE-9E7F-266244572833}
	EndGlobalSection
EndGlobal
